{
  "name": "wc-ui",
  "version": "0.1.2",
  "lockfileVersion": 1,
  "requires": true,
  "dependencies": {
    "@stencil/core": {
      "version": "1.8.8",
      "resolved": "https://registry.npmjs.org/@stencil/core/-/core-1.8.8.tgz",
      "integrity": "sha512-ATru3WAQxWsc+Z2ji5l0wc28yyirgRB25AmZTLSnWeRUn388AkY2tn2Dderz+c7Rnsd9kpAdln6tsv0/KuQLkQ==",
      "dev": true,
      "requires": {
        "typescript": "3.7.5"
      }
    },
    "lodash": {
      "version": "4.17.15",
      "resolved": "https://registry.npmjs.org/lodash/-/lodash-4.17.15.tgz",
      "integrity": "sha512-8xOcRHvCjnocdS5cpwXQXVzmmh5e5+saE2QGoeQmbKmRS6J3VQppPOIt0MnmE+4xlZoumy0GPG0D0MVIQbNA1A=="
    },
    "typescript": {
      "version": "3.7.5",
      "resolved": "https://registry.npmjs.org/typescript/-/typescript-3.7.5.tgz",
      "integrity": "sha512-/P5lkRXkWHNAbcJIiHPfRoKqyd7bsyCma1hZNUGfn20qm64T6ZBlrzprymeu918H+mB/0rIg2gGK/BXkhhYgBw==",
      "dev": true
    }
  }
}
